// !$*UTF8*$!
{
	archiveVersion = 1;
	classes = {
	};
	objectVersion = 46;
	objects = {

/* Begin PBXBuildFile section */
		653B068B1C81EF4300B01BD8 /* AppDelegate.swift in Sources */ = {isa = PBXBuildFile; fileRef = 653B068A1C81EF4300B01BD8 /* AppDelegate.swift */; };
		653B068D1C81EF4300B01BD8 /* Assets.xcassets in Resources */ = {isa = PBXBuildFile; fileRef = 653B068C1C81EF4300B01BD8 /* Assets.xcassets */; };
		653B06901C81EF4300B01BD8 /* MainMenu.xib in Resources */ = {isa = PBXBuildFile; fileRef = 653B068E1C81EF4300B01BD8 /* MainMenu.xib */; };
/* End PBXBuildFile section */

/* Begin PBXFileReference section */
		653B06871C81EF4300B01BD8 /* ConcatStateMachine.app */ = {isa = PBXFileReference; explicitFileType = wrapper.application; includeInIndex = 0; path = ConcatStateMachine.app; sourceTree = BUILT_PRODUCTS_DIR; };
		653B068A1C81EF4300B01BD8 /* AppDelegate.swift */ = {isa = PBXFileReference; lastKnownFileType = sourcecode.swift; path = AppDelegate.swift; sourceTree = "<group>"; };
		653B068C1C81EF4300B01BD8 /* Assets.xcassets */ = {isa = PBXFileReference; lastKnownFileType = folder.assetcatalog; path = Assets.xcassets; sourceTree = "<group>"; };
		653B068F1C81EF4300B01BD8 /* Base */ = {isa = PBXFileReference; lastKnownFileType = file.xib; name = Base; path = Base.lproj/MainMenu.xib; sourceTree = "<group>"; };
		653B06911C81EF4300B01BD8 /* Info.plist */ = {isa = PBXFileReference; lastKnownFileType = text.plist.xml; path = Info.plist; sourceTree = "<group>"; };
/* End PBXFileReference section */

/* Begin PBXFrameworksBuildPhase section */
		653B06841C81EF4300B01BD8 /* Frameworks */ = {
			isa = PBXFrameworksBuildPhase;
			buildActionMask = 2147483647;
			files = (
			);
			runOnlyForDeploymentPostprocessing = 0;
		};
/* End PBXFrameworksBuildPhase section */

/* Begin PBXGroup section */
		653B067E1C81EF4300B01BD8 = {
			isa = PBXGroup;
			children = (
				653B06891C81EF4300B01BD8 /* ConcatStateMachine */,
				653B06881C81EF4300B01BD8 /* Products */,
			);
			sourceTree = "<group>";
		};
		653B06881C81EF4300B01BD8 /* Products */ = {
			isa = PBXGroup;
			children = (
				653B06871C81EF4300B01BD8 /* ConcatStateMachine.app */,
			);
			name = Products;
			sourceTree = "<group>";
		};
		653B06891C81EF4300B01BD8 /* ConcatStateMachine */ = {
			isa = PBXGroup;
			children = (
				653B068A1C81EF4300B01BD8 /* AppDelegate.swift */,
				653B068C1C81EF4300B01BD8 /* Assets.xcassets */,
				653B068E1C81EF4300B01BD8 /* MainMenu.xib */,
				653B06911C81EF4300B01BD8 /* Info.plist */,
			);
			path = ConcatStateMachine;
			sourceTree = "<group>";
		};
/* End PBXGroup section */

/* Begin PBXNativeTarget section */
		653B06861C81EF4300B01BD8 /* ConcatStateMachine */ = {
			isa = PBXNativeTarget;
			buildConfigurationList = 653B06941C81EF4300B01BD8 /* Build configuration list for PBXNativeTarget "ConcatStateMachine" */;
			buildPhases = (
				653B06831C81EF4300B01BD8 /* Sources */,
				653B06841C81EF4300B01BD8 /* Frameworks */,
				653B06851C81EF4300B01BD8 /* Resources */,
			);
			buildRules = (
			);
			dependencies = (
			);
			name = ConcatStateMachine;
			productName = ConcatStateMachine;
			productReference = 653B06871C81EF4300B01BD8 /* ConcatStateMachine.app */;
			productType = "com.apple.product-type.application";
		};
/* End PBXNativeTarget section */

/* Begin PBXProject section */
		653B067F1C81EF4300B01BD8 /* Project object */ = {
			isa = PBXProject;
			attributes = {
				LastSwiftUpdateCheck = 0720;
				LastUpgradeCheck = 0720;
				ORGANIZATIONNAME = ExcitonLabs;
				TargetAttributes = {
					653B06861C81EF4300B01BD8 = {
						CreatedOnToolsVersion = 7.2;
					};
				};
			};
			buildConfigurationList = 653B06821C81EF4300B01BD8 /* Build configuration list for PBXProject "ConcatStateMachine" */;
			compatibilityVersion = "Xcode 3.2";
			developmentRegion = English;
			hasScannedForEncodings = 0;
			knownRegions = (
				en,
				Base,
			);
			mainGroup = 653B067E1C81EF4300B01BD8;
			productRefGroup = 653B06881C81EF4300B01BD8 /* Products */;
			projectDirPath = "";
			projectRoot = "";
			targets = (
				653B06861C81EF4300B01BD8 /* ConcatStateMachine */,
			);
		};
/* End PBXProject section */

/* Begin PBXResourcesBuildPhase section */
		653B06851C81EF4300B01BD8 /* Resources */ = {
			isa = PBXResourcesBuildPhase;
			buildActionMask = 2147483647;
			files = (
				653B068D1C81EF4300B01BD8 /* Assets.xcassets in Resources */,
				653B06901C81EF4300B01BD8 /* MainMenu.xib in Resources */,
			);
			runOnlyForDeploymentPostprocessing = 0;
		};
/* End PBXResourcesBuildPhase section */

/* Begin PBXSourcesBuildPhase section */
		653B06831C81EF4300B01BD8 /* Sources */ = {
			isa = PBXSourcesBuildPhase;
			buildActionMask = 2147483647;
			files = (
				653B068B1C81EF4300B01BD8 /* AppDelegate.swift in Sources */,
			);
			runOnlyForDeploymentPostprocessing = 0;
		};
/* End PBXSourcesBuildPhase section */

/* Begin PBXVariantGroup section */
		653B068E1C81EF4300B01BD8 /* MainMenu.xib */ = {
			isa = PBXVariantGroup;
			children = (
				653B068F1C81EF4300B01BD8 /* Base */,
			);
			name = MainMenu.xib;
			sourceTree = "<group>";
		};
/* End PBXVariantGroup section */

/* Begin XCBuildConfiguration section */
		653B06921C81EF4300B01BD8 /* Debug */ = {
			isa = XCBuildConfiguration;
			buildSettings = {
				ALWAYS_SEARCH_USER_PATHS = NO;
				CLANG_CXX_LANGUAGE_STANDARD = "gnu++0x";
				CLANG_CXX_LIBRARY = "libc++";
				CLANG_ENABLE_MODULES = YES;
				CLANG_ENABLE_OBJC_ARC = YES;
				CLANG_WARN_BOOL_CONVERSION = YES;
				CLANG_WARN_CONSTANT_CONVERSION = YES;
				CLANG_WARN_DIRECT_OBJC_ISA_USAGE = YES_ERROR;
				CLANG_WARN_EMPTY_BODY = YES;
				CLANG_WARN_ENUM_CONVERSION = YES;
				CLANG_WARN_INT_CONVERSION = YES;
				CLANG_WARN_OBJC_ROOT_CLASS = YES_ERROR;
				CLANG_WARN_UNREACHABLE_CODE = YES;
				CLANG_WARN__DUPLICATE_METHOD_MATCH = YES;
				CODE_SIGN_IDENTITY = "-";
				COPY_PHASE_STRIP = NO;
				DEBUG_INFORMATION_FORMAT = dwarf;
				ENABLE_STRICT_OBJC_MSGSEND = YES;
				ENABLE_TESTABILITY = YES;
				GCC_C_LANGUAGE_STANDARD = gnu99;
				GCC_DYNAMIC_NO_PIC = NO;
				GCC_NO_COMMON_BLOCKS = YES;
				GCC_OPTIMIZATION_LEVEL = 0;
				GCC_PREPROCESSOR_DEFINITIONS = (
					"DEBUG=1",
					"$(inherited)",
				);
				GCC_WARN_64_TO_32_BIT_CONVERSION = YES;
				GCC_WARN_ABOUT_RETURN_TYPE = YES_ERROR;
				GCC_WARN_UNDECLARED_SELECTOR = YES;
				GCC_WARN_UNINITIALIZED_AUTOS = YES_AGGRESSIVE;
				GCC_WARN_UNUSED_FUNCTION = YES;
				GCC_WARN_UNUSED_VARIABLE = YES;
				MACOSX_DEPLOYMENT_TARGET = 10.11;
				MTL_ENABLE_DEBUG_INFO = YES;
				ONLY_ACTIVE_ARCH = YES;
				SDKROOT = macosx;
				SWIFT_OPTIMIZATION_LEVEL = "-Onone";
			};
			name = Debug;
		};
		653B06931C81EF4300B01BD8 /* Release */ = {
			isa = XCBuildConfiguration;
			buildSettings = {
				ALWAYS_SEARCH_USER_PATHS = NO;
				CLANG_CXX_LANGUAGE_STANDARD = "gnu++0x";
				CLANG_CXX_LIBRARY = "libc++";
				CLANG_ENABLE_MODULES = YES;
				CLANG_ENABLE_OBJC_ARC = YES;
				CLANG_WARN_BOOL_CONVERSION = YES;
				CLANG_WARN_CONSTANT_CONVERSION = YES;
				CLANG_WARN_DIRECT_OBJC_ISA_USAGE = YES_ERROR;
				CLANG_WARN_EMPTY_BODY = YES;
				CLANG_WARN_ENUM_CONVERSION = YES;
				CLANG_WARN_INT_CONVERSION = YES;
				CLANG_WARN_OBJC_ROOT_CLASS = YES_ERROR;
				CLANG_WARN_UNREACHABLE_CODE = YES;
				CLANG_WARN__DUPLICATE_METHOD_MATCH = YES;
				CODE_SIGN_IDENTITY = "-";
				COPY_PHASE_STRIP = NO;
				DEBUG_INFORMATION_FORMAT = "dwarf-with-dsym";
				ENABLE_NS_ASSERTIONS = NO;
				ENABLE_STRICT_OBJC_MSGSEND = YES;
				GCC_C_LANGUAGE_STANDARD = gnu99;
				GCC_NO_COMMON_BLOCKS = YES;
				GCC_WARN_64_TO_32_BIT_CONVERSION = YES;
				GCC_WARN_ABOUT_RETURN_TYPE = YES_ERROR;
				GCC_WARN_UNDECLARED_SELECTOR = YES;
				GCC_WARN_UNINITIALIZED_AUTOS = YES_AGGRESSIVE;
				GCC_WARN_UNUSED_FUNCTION = YES;
				GCC_WARN_UNUSED_VARIABLE = YES;
				MACOSX_DEPLOYMENT_TARGET = 10.11;
				MTL_ENABLE_DEBUG_INFO = NO;
				SDKROOT = macosx;
			};
			name = Release;
		};
		653B06951C81EF4300B01BD8 /* Debug */ = {
			isa = XCBuildConfiguration;
			buildSettings = {
				ASSETCATALOG_COMPILER_APPICON_NAME = AppIcon;
				COMBINE_HIDPI_IMAGES = YES;
				INFOPLIST_FILE = ConcatStateMachine/Info.plist;
				LD_RUNPATH_SEARCH_PATHS = "$(inherited) @executable_path/../Frameworks";
				PRODUCT_BUNDLE_IDENTIFIER = com.ExcitonLabs.ConcatStateMachine;
				PRODUCT_NAME = "$(TARGET_NAME)";
			};
			name = Debug;
		};
		653B06961C81EF4300B01BD8 /* Release */ = {
			isa = XCBuildConfiguration;
			buildSettings = {
				ASSETCATALOG_COMPILER_APPICON_NAME = AppIcon;
				COMBINE_HIDPI_IMAGES = YES;
				INFOPLIST_FILE = ConcatStateMachine/Info.plist;
				LD_RUNPATH_SEARCH_PATHS = "$(inherited) @executable_path/../Frameworks";
				PRODUCT_BUNDLE_IDENTIFIER = com.ExcitonLabs.ConcatStateMachine;
				PRODUCT_NAME = "$(TARGET_NAME)";
			};
			name = Release;
		};
/* End XCBuildConfiguration section */

/* Begin XCConfigurationList section */
		653B06821C81EF4300B01BD8 /* Build configuration list for PBXProject "ConcatStateMachine" */ = {
			isa = XCConfigurationList;
			buildConfigurations = (
				653B06921C81EF4300B01BD8 /* Debug */,
				653B06931C81EF4300B01BD8 /* Release */,
			);
			defaultConfigurationIsVisible = 0;
			defaultConfigurationName = Release;
		};
		653B06941C81EF4300B01BD8 /* Build configuration list for PBXNativeTarget "ConcatStateMachine" */ = {
			isa = XCConfigurationList;
			buildConfigurations = (
				653B06951C81EF4300B01BD8 /* Debug */,
				653B06961C81EF4300B01BD8 /* Release */,
			);
			defaultConfigurationIsVisible = 0;
		};
/* End XCConfigurationList section */
	};
	rootObject = 653B067F1C81EF4300B01BD8 /* Project object */;
}
